
Microsoft Visual Studio Solution File, Format Version 12.00
# Visual Studio Version 17
VisualStudioVersion = 17.12.35506.116 d17.12
MinimumVisualStudioVersion = 10.0.40219.1
Project("{FAE04EC0-301F-11D3-BF4B-00C04F79EFBC}") = "Image gallery", "Image gallery\Image gallery.csproj", "{4BF51331-F50F-4298-84E0-C887E675115A}"
EndProject
Project("{FAE04EC0-301F-11D3-BF4B-00C04F79EFBC}") = "Core", "Core\Core.csproj", "{14D4CC23-9FE9-4BB4-A1EB-2D280A631952}"
EndProject
Project("{FAE04EC0-301F-11D3-BF4B-00C04F79EFBC}") = "Datalayer", "Datalayer\Datalayer.csproj", "{2E5B108F-F2E7-4427-95BF-77562622F3B1}"
EndProject
Global
	GlobalSection(SolutionConfigurationPlatforms) = preSolution
		Debug|Any CPU = Debug|Any CPU
		Release|Any CPU = Release|Any CPU
	EndGlobalSection
	GlobalSection(ProjectConfigurationPlatforms) = postSolution
		{4BF51331-F50F-4298-84E0-C887E675115A}.Debug|Any CPU.ActiveCfg = Debug|Any CPU
		{4BF51331-F50F-4298-84E0-C887E675115A}.Debug|Any CPU.Build.0 = Debug|Any CPU
		{4BF51331-F50F-4298-84E0-C887E675115A}.Release|Any CPU.ActiveCfg = Release|Any CPU
		{4BF51331-F50F-4298-84E0-C887E675115A}.Release|Any CPU.Build.0 = Release|Any CPU
		{14D4CC23-9FE9-4BB4-A1EB-2D280A631952}.Debug|Any CPU.ActiveCfg = Debug|Any CPU
		{14D4CC23-9FE9-4BB4-A1EB-2D280A631952}.Debug|Any CPU.Build.0 = Debug|Any CPU
		{14D4CC23-9FE9-4BB4-A1EB-2D280A631952}.Release|Any CPU.ActiveCfg = Release|Any CPU
		{14D4CC23-9FE9-4BB4-A1EB-2D280A631952}.Release|Any CPU.Build.0 = Release|Any CPU
		{2E5B108F-F2E7-4427-95BF-77562622F3B1}.Debug|Any CPU.ActiveCfg = Debug|Any CPU
		{2E5B108F-F2E7-4427-95BF-77562622F3B1}.Debug|Any CPU.Build.0 = Debug|Any CPU
		{2E5B108F-F2E7-4427-95BF-77562622F3B1}.Release|Any CPU.ActiveCfg = Release|Any CPU
		{2E5B108F-F2E7-4427-95BF-77562622F3B1}.Release|Any CPU.Build.0 = Release|Any CPU
	EndGlobalSection
	GlobalSection(SolutionProperties) = preSolution
		HideSolutionNode = FALSE
	EndGlobalSection
EndGlobal
